
Microsoft Visual Studio Solution File, Format Version 12.00
# Visual Studio 15
VisualStudioVersion = 15.0.28307.645
MinimumVisualStudioVersion = 10.0.40219.1
Project("{FAE04EC0-301F-11D3-BF4B-00C04F79EFBC}") = "testLinux", "testLinux\testLinux.csproj", "{AC565B35-062A-4F97-87A0-D1B0932AF655}"
EndProject
Global
	GlobalSection(SolutionConfigurationPlatforms) = preSolution
		Debug|Any CPU = Debug|Any CPU
		Release|Any CPU = Release|Any CPU
	EndGlobalSection
	GlobalSection(ProjectConfigurationPlatforms) = postSolution
		{AC565B35-062A-4F97-87A0-D1B0932AF655}.Debug|Any CPU.ActiveCfg = Debug|Any CPU
		{AC565B35-062A-4F97-87A0-D1B0932AF655}.Debug|Any CPU.Build.0 = Debug|Any CPU
		{AC565B35-062A-4F97-87A0-D1B0932AF655}.Release|Any CPU.ActiveCfg = Release|Any CPU
		{AC565B35-062A-4F97-87A0-D1B0932AF655}.Release|Any CPU.Build.0 = Release|Any CPU
	EndGlobalSection
	GlobalSection(SolutionProperties) = preSolution
		HideSolutionNode = FALSE
	EndGlobalSection
	GlobalSection(ExtensibilityGlobals) = postSolution
		SolutionGuid = {90B11963-A903-462D-8F90-B596136BDA06}
	EndGlobalSection
EndGlobal
